// !$*UTF8*$!
{
	archiveVersion = 1;
	classes = {
	};
	objectVersion = 56;
	objects = {

/* Begin PBXBuildFile section */
		05065C572AD3F43E00F4DFC3 /* AppDelegate.swift in Sources */ = {isa = PBXBuildFile; fileRef = 05065C562AD3F43E00F4DFC3 /* AppDelegate.swift */; };
		05065C592AD3F43E00F4DFC3 /* SceneDelegate.swift in Sources */ = {isa = PBXBuildFile; fileRef = 05065C582AD3F43E00F4DFC3 /* SceneDelegate.swift */; };
		05065C5B2AD3F43E00F4DFC3 /* ViewController.swift in Sources */ = {isa = PBXBuildFile; fileRef = 05065C5A2AD3F43E00F4DFC3 /* ViewController.swift */; };
		05065C602AD3F43F00F4DFC3 /* Assets.xcassets in Resources */ = {isa = PBXBuildFile; fileRef = 05065C5F2AD3F43F00F4DFC3 /* Assets.xcassets */; };
		05065C862AD5595300F4DFC3 /* PasswordViewController.swift in Sources */ = {isa = PBXBuildFile; fileRef = 05065C852AD5595300F4DFC3 /* PasswordViewController.swift */; };
		05065C882AD5597000F4DFC3 /* UsernameViewController.swift in Sources */ = {isa = PBXBuildFile; fileRef = 05065C872AD5597000F4DFC3 /* UsernameViewController.swift */; };
		05065C8A2AD68CCB00F4DFC3 /* CustomTextField.swift in Sources */ = {isa = PBXBuildFile; fileRef = 05065C892AD68CCB00F4DFC3 /* CustomTextField.swift */; };
		05065C8D2AD6B56E00F4DFC3 /* GenericTableViewController.swift in Sources */ = {isa = PBXBuildFile; fileRef = 05065C8C2AD6B56E00F4DFC3 /* GenericTableViewController.swift */; };
		05065C902AD6B62000F4DFC3 /* GenericTableViewCell.swift in Sources */ = {isa = PBXBuildFile; fileRef = 05065C8F2AD6B62000F4DFC3 /* GenericTableViewCell.swift */; };
		05065C922AD6CA7800F4DFC3 /* TextFieldTableViewCell.swift in Sources */ = {isa = PBXBuildFile; fileRef = 05065C912AD6CA7800F4DFC3 /* TextFieldTableViewCell.swift */; };
		05065C952AD6D08700F4DFC3 /* UsernameFormatsTableViewCell.swift in Sources */ = {isa = PBXBuildFile; fileRef = 05065C942AD6D08700F4DFC3 /* UsernameFormatsTableViewCell.swift */; };
		05065C972AD6D6A600F4DFC3 /* ButtonTableViewCell.swift in Sources */ = {isa = PBXBuildFile; fileRef = 05065C962AD6D6A600F4DFC3 /* ButtonTableViewCell.swift */; };
/* End PBXBuildFile section */

/* Begin PBXFileReference section */
		05065C532AD3F43E00F4DFC3 /* CIBPay textField.app */ = {isa = PBXFileReference; explicitFileType = wrapper.application; includeInIndex = 0; path = "CIBPay textField.app"; sourceTree = BUILT_PRODUCTS_DIR; };
		05065C562AD3F43E00F4DFC3 /* AppDelegate.swift */ = {isa = PBXFileReference; lastKnownFileType = sourcecode.swift; path = AppDelegate.swift; sourceTree = "<group>"; };
		05065C582AD3F43E00F4DFC3 /* SceneDelegate.swift */ = {isa = PBXFileReference; lastKnownFileType = sourcecode.swift; path = SceneDelegate.swift; sourceTree = "<group>"; };
		05065C5A2AD3F43E00F4DFC3 /* ViewController.swift */ = {isa = PBXFileReference; lastKnownFileType = sourcecode.swift; path = ViewController.swift; sourceTree = "<group>"; };
		05065C5F2AD3F43F00F4DFC3 /* Assets.xcassets */ = {isa = PBXFileReference; lastKnownFileType = folder.assetcatalog; path = Assets.xcassets; sourceTree = "<group>"; };
		05065C642AD3F43F00F4DFC3 /* Info.plist */ = {isa = PBXFileReference; lastKnownFileType = text.plist.xml; path = Info.plist; sourceTree = "<group>"; };
		05065C852AD5595300F4DFC3 /* PasswordViewController.swift */ = {isa = PBXFileReference; lastKnownFileType = sourcecode.swift; path = PasswordViewController.swift; sourceTree = "<group>"; };
		05065C872AD5597000F4DFC3 /* UsernameViewController.swift */ = {isa = PBXFileReference; lastKnownFileType = sourcecode.swift; path = UsernameViewController.swift; sourceTree = "<group>"; };
		05065C892AD68CCB00F4DFC3 /* CustomTextField.swift */ = {isa = PBXFileReference; lastKnownFileType = sourcecode.swift; path = CustomTextField.swift; sourceTree = "<group>"; };
		05065C8C2AD6B56E00F4DFC3 /* GenericTableViewController.swift */ = {isa = PBXFileReference; lastKnownFileType = sourcecode.swift; path = GenericTableViewController.swift; sourceTree = "<group>"; };
		05065C8F2AD6B62000F4DFC3 /* GenericTableViewCell.swift */ = {isa = PBXFileReference; lastKnownFileType = sourcecode.swift; path = GenericTableViewCell.swift; sourceTree = "<group>"; };
		05065C912AD6CA7800F4DFC3 /* TextFieldTableViewCell.swift */ = {isa = PBXFileReference; lastKnownFileType = sourcecode.swift; path = TextFieldTableViewCell.swift; sourceTree = "<group>"; };
		05065C942AD6D08700F4DFC3 /* UsernameFormatsTableViewCell.swift */ = {isa = PBXFileReference; lastKnownFileType = sourcecode.swift; path = UsernameFormatsTableViewCell.swift; sourceTree = "<group>"; };
		05065C962AD6D6A600F4DFC3 /* ButtonTableViewCell.swift */ = {isa = PBXFileReference; lastKnownFileType = sourcecode.swift; path = ButtonTableViewCell.swift; sourceTree = "<group>"; };
/* End PBXFileReference section */

/* Begin PBXFrameworksBuildPhase section */
		05065C502AD3F43E00F4DFC3 /* Frameworks */ = {
			isa = PBXFrameworksBuildPhase;
			buildActionMask = 2147483647;
			files = (
			);
			runOnlyForDeploymentPostprocessing = 0;
		};
/* End PBXFrameworksBuildPhase section */

/* Begin PBXGroup section */
		05065C4A2AD3F43E00F4DFC3 = {
			isa = PBXGroup;
			children = (
				05065C552AD3F43E00F4DFC3 /* CIBPay textField */,
				05065C542AD3F43E00F4DFC3 /* Products */,
			);
			sourceTree = "<group>";
		};
		05065C542AD3F43E00F4DFC3 /* Products */ = {
			isa = PBXGroup;
			children = (
				05065C532AD3F43E00F4DFC3 /* CIBPay textField.app */,
			);
			name = Products;
			sourceTree = "<group>";
		};
		05065C552AD3F43E00F4DFC3 /* CIBPay textField */ = {
			isa = PBXGroup;
			children = (
				05065C562AD3F43E00F4DFC3 /* AppDelegate.swift */,
				05065C582AD3F43E00F4DFC3 /* SceneDelegate.swift */,
				05065C5A2AD3F43E00F4DFC3 /* ViewController.swift */,
				05065C932AD6CA8300F4DFC3 /* Cells */,
				05065C8E2AD6B5F900F4DFC3 /* Generic Table */,
				05065C852AD5595300F4DFC3 /* PasswordViewController.swift */,
				05065C872AD5597000F4DFC3 /* UsernameViewController.swift */,
				05065C892AD68CCB00F4DFC3 /* CustomTextField.swift */,
				05065C5F2AD3F43F00F4DFC3 /* Assets.xcassets */,
				05065C642AD3F43F00F4DFC3 /* Info.plist */,
			);
			path = "CIBPay textField";
			sourceTree = "<group>";
		};
		05065C8E2AD6B5F900F4DFC3 /* Generic Table */ = {
			isa = PBXGroup;
			children = (
				05065C8C2AD6B56E00F4DFC3 /* GenericTableViewController.swift */,
				05065C8F2AD6B62000F4DFC3 /* GenericTableViewCell.swift */,
			);
			path = "Generic Table";
			sourceTree = "<group>";
		};
		05065C932AD6CA8300F4DFC3 /* Cells */ = {
			isa = PBXGroup;
			children = (
				05065C912AD6CA7800F4DFC3 /* TextFieldTableViewCell.swift */,
				05065C942AD6D08700F4DFC3 /* UsernameFormatsTableViewCell.swift */,
				05065C962AD6D6A600F4DFC3 /* ButtonTableViewCell.swift */,
			);
			path = Cells;
			sourceTree = "<group>";
		};
/* End PBXGroup section */

/* Begin PBXNativeTarget section */
		05065C522AD3F43E00F4DFC3 /* CIBPay textField */ = {
			isa = PBXNativeTarget;
			buildConfigurationList = 05065C672AD3F43F00F4DFC3 /* Build configuration list for PBXNativeTarget "CIBPay textField" */;
			buildPhases = (
				05065C4F2AD3F43E00F4DFC3 /* Sources */,
				05065C502AD3F43E00F4DFC3 /* Frameworks */,
				05065C512AD3F43E00F4DFC3 /* Resources */,
			);
			buildRules = (
			);
			dependencies = (
			);
			name = "CIBPay textField";
			productName = "CIBPay textField";
			productReference = 05065C532AD3F43E00F4DFC3 /* CIBPay textField.app */;
			productType = "com.apple.product-type.application";
		};
/* End PBXNativeTarget section */

/* Begin PBXProject section */
		05065C4B2AD3F43E00F4DFC3 /* Project object */ = {
			isa = PBXProject;
			attributes = {
				BuildIndependentTargetsInParallel = 1;
				LastSwiftUpdateCheck = 1500;
				LastUpgradeCheck = 1500;
				TargetAttributes = {
					05065C522AD3F43E00F4DFC3 = {
						CreatedOnToolsVersion = 15.0;
					};
				};
			};
			buildConfigurationList = 05065C4E2AD3F43E00F4DFC3 /* Build configuration list for PBXProject "CIBPay textField" */;
			compatibilityVersion = "Xcode 14.0";
			developmentRegion = en;
			hasScannedForEncodings = 0;
			knownRegions = (
				en,
				Base,
			);
			mainGroup = 05065C4A2AD3F43E00F4DFC3;
			productRefGroup = 05065C542AD3F43E00F4DFC3 /* Products */;
			projectDirPath = "";
			projectRoot = "";
			targets = (
				05065C522AD3F43E00F4DFC3 /* CIBPay textField */,
			);
		};
/* End PBXProject section */

/* Begin PBXResourcesBuildPhase section */
		05065C512AD3F43E00F4DFC3 /* Resources */ = {
			isa = PBXResourcesBuildPhase;
			buildActionMask = 2147483647;
			files = (
				05065C602AD3F43F00F4DFC3 /* Assets.xcassets in Resources */,
			);
			runOnlyForDeploymentPostprocessing = 0;
		};
/* End PBXResourcesBuildPhase section */

/* Begin PBXSourcesBuildPhase section */
		05065C4F2AD3F43E00F4DFC3 /* Sources */ = {
			isa = PBXSourcesBuildPhase;
			buildActionMask = 2147483647;
			files = (
				05065C882AD5597000F4DFC3 /* UsernameViewController.swift in Sources */,
				05065C972AD6D6A600F4DFC3 /* ButtonTableViewCell.swift in Sources */,
				05065C5B2AD3F43E00F4DFC3 /* ViewController.swift in Sources */,
				05065C8D2AD6B56E00F4DFC3 /* GenericTableViewController.swift in Sources */,
				05065C8A2AD68CCB00F4DFC3 /* CustomTextField.swift in Sources */,
				05065C862AD5595300F4DFC3 /* PasswordViewController.swift in Sources */,
				05065C902AD6B62000F4DFC3 /* GenericTableViewCell.swift in Sources */,
				05065C922AD6CA7800F4DFC3 /* TextFieldTableViewCell.swift in Sources */,
				05065C572AD3F43E00F4DFC3 /* AppDelegate.swift in Sources */,
				05065C952AD6D08700F4DFC3 /* UsernameFormatsTableViewCell.swift in Sources */,
				05065C592AD3F43E00F4DFC3 /* SceneDelegate.swift in Sources */,
			);
			runOnlyForDeploymentPostprocessing = 0;
		};
/* End PBXSourcesBuildPhase section */

/* Begin XCBuildConfiguration section */
		05065C652AD3F43F00F4DFC3 /* Debug */ = {
			isa = XCBuildConfiguration;
			buildSettings = {
				ALWAYS_SEARCH_USER_PATHS = NO;
				ASSETCATALOG_COMPILER_GENERATE_SWIFT_ASSET_SYMBOL_EXTENSIONS = YES;
				CLANG_ANALYZER_NONNULL = YES;
				CLANG_ANALYZER_NUMBER_OBJECT_CONVERSION = YES_AGGRESSIVE;
				CLANG_CXX_LANGUAGE_STANDARD = "gnu++20";
				CLANG_ENABLE_MODULES = YES;
				CLANG_ENABLE_OBJC_ARC = YES;
				CLANG_ENABLE_OBJC_WEAK = YES;
				CLANG_WARN_BLOCK_CAPTURE_AUTORELEASING = YES;
				CLANG_WARN_BOOL_CONVERSION = YES;
				CLANG_WARN_COMMA = YES;
				CLANG_WARN_CONSTANT_CONVERSION = YES;
				CLANG_WARN_DEPRECATED_OBJC_IMPLEMENTATIONS = YES;
				CLANG_WARN_DIRECT_OBJC_ISA_USAGE = YES_ERROR;
				CLANG_WARN_DOCUMENTATION_COMMENTS = YES;
				CLANG_WARN_EMPTY_BODY = YES;
				CLANG_WARN_ENUM_CONVERSION = YES;
				CLANG_WARN_INFINITE_RECURSION = YES;
				CLANG_WARN_INT_CONVERSION = YES;
				CLANG_WARN_NON_LITERAL_NULL_CONVERSION = YES;
				CLANG_WARN_OBJC_IMPLICIT_RETAIN_SELF = YES;
				CLANG_WARN_OBJC_LITERAL_CONVERSION = YES;
				CLANG_WARN_OBJC_ROOT_CLASS = YES_ERROR;
				CLANG_WARN_QUOTED_INCLUDE_IN_FRAMEWORK_HEADER = YES;
				CLANG_WARN_RANGE_LOOP_ANALYSIS = YES;
				CLANG_WARN_STRICT_PROTOTYPES = YES;
				CLANG_WARN_SUSPICIOUS_MOVE = YES;
				CLANG_WARN_UNGUARDED_AVAILABILITY = YES_AGGRESSIVE;
				CLANG_WARN_UNREACHABLE_CODE = YES;
				CLANG_WARN__DUPLICATE_METHOD_MATCH = YES;
				COPY_PHASE_STRIP = NO;
				DEBUG_INFORMATION_FORMAT = dwarf;
				ENABLE_STRICT_OBJC_MSGSEND = YES;
				ENABLE_TESTABILITY = YES;
				ENABLE_USER_SCRIPT_SANDBOXING = YES;
				GCC_C_LANGUAGE_STANDARD = gnu17;
				GCC_DYNAMIC_NO_PIC = NO;
				GCC_NO_COMMON_BLOCKS = YES;
				GCC_OPTIMIZATION_LEVEL = 0;
				GCC_PREPROCESSOR_DEFINITIONS = (
					"DEBUG=1",
					"$(inherited)",
				);
				GCC_WARN_64_TO_32_BIT_CONVERSION = YES;
				GCC_WARN_ABOUT_RETURN_TYPE = YES_ERROR;
				GCC_WARN_UNDECLARED_SELECTOR = YES;
				GCC_WARN_UNINITIALIZED_AUTOS = YES_AGGRESSIVE;
				GCC_WARN_UNUSED_FUNCTION = YES;
				GCC_WARN_UNUSED_VARIABLE = YES;
				IPHONEOS_DEPLOYMENT_TARGET = 17.0;
				LOCALIZATION_PREFERS_STRING_CATALOGS = YES;
				MTL_ENABLE_DEBUG_INFO = INCLUDE_SOURCE;
				MTL_FAST_MATH = YES;
				ONLY_ACTIVE_ARCH = YES;
				SDKROOT = iphoneos;
				SWIFT_ACTIVE_COMPILATION_CONDITIONS = "DEBUG $(inherited)";
				SWIFT_OPTIMIZATION_LEVEL = "-Onone";
			};
			name = Debug;
		};
		05065C662AD3F43F00F4DFC3 /* Release */ = {
			isa = XCBuildConfiguration;
			buildSettings = {
				ALWAYS_SEARCH_USER_PATHS = NO;
				ASSETCATALOG_COMPILER_GENERATE_SWIFT_ASSET_SYMBOL_EXTENSIONS = YES;
				CLANG_ANALYZER_NONNULL = YES;
				CLANG_ANALYZER_NUMBER_OBJECT_CONVERSION = YES_AGGRESSIVE;
				CLANG_CXX_LANGUAGE_STANDARD = "gnu++20";
				CLANG_ENABLE_MODULES = YES;
				CLANG_ENABLE_OBJC_ARC = YES;
				CLANG_ENABLE_OBJC_WEAK = YES;
				CLANG_WARN_BLOCK_CAPTURE_AUTORELEASING = YES;
				CLANG_WARN_BOOL_CONVERSION = YES;
				CLANG_WARN_COMMA = YES;
				CLANG_WARN_CONSTANT_CONVERSION = YES;
				CLANG_WARN_DEPRECATED_OBJC_IMPLEMENTATIONS = YES;
				CLANG_WARN_DIRECT_OBJC_ISA_USAGE = YES_ERROR;
				CLANG_WARN_DOCUMENTATION_COMMENTS = YES;
				CLANG_WARN_EMPTY_BODY = YES;
				CLANG_WARN_ENUM_CONVERSION = YES;
				CLANG_WARN_INFINITE_RECURSION = YES;
				CLANG_WARN_INT_CONVERSION = YES;
				CLANG_WARN_NON_LITERAL_NULL_CONVERSION = YES;
				CLANG_WARN_OBJC_IMPLICIT_RETAIN_SELF = YES;
				CLANG_WARN_OBJC_LITERAL_CONVERSION = YES;
				CLANG_WARN_OBJC_ROOT_CLASS = YES_ERROR;
				CLANG_WARN_QUOTED_INCLUDE_IN_FRAMEWORK_HEADER = YES;
				CLANG_WARN_RANGE_LOOP_ANALYSIS = YES;
				CLANG_WARN_STRICT_PROTOTYPES = YES;
				CLANG_WARN_SUSPICIOUS_MOVE = YES;
				CLANG_WARN_UNGUARDED_AVAILABILITY = YES_AGGRESSIVE;
				CLANG_WARN_UNREACHABLE_CODE = YES;
				CLANG_WARN__DUPLICATE_METHOD_MATCH = YES;
				COPY_PHASE_STRIP = NO;
				DEBUG_INFORMATION_FORMAT = "dwarf-with-dsym";
				ENABLE_NS_ASSERTIONS = NO;
				ENABLE_STRICT_OBJC_MSGSEND = YES;
				ENABLE_USER_SCRIPT_SANDBOXING = YES;
				GCC_C_LANGUAGE_STANDARD = gnu17;
				GCC_NO_COMMON_BLOCKS = YES;
				GCC_WARN_64_TO_32_BIT_CONVERSION = YES;
				GCC_WARN_ABOUT_RETURN_TYPE = YES_ERROR;
				GCC_WARN_UNDECLARED_SELECTOR = YES;
				GCC_WARN_UNINITIALIZED_AUTOS = YES_AGGRESSIVE;
				GCC_WARN_UNUSED_FUNCTION = YES;
				GCC_WARN_UNUSED_VARIABLE = YES;
				IPHONEOS_DEPLOYMENT_TARGET = 17.0;
				LOCALIZATION_PREFERS_STRING_CATALOGS = YES;
				MTL_ENABLE_DEBUG_INFO = NO;
				MTL_FAST_MATH = YES;
				SDKROOT = iphoneos;
				SWIFT_COMPILATION_MODE = wholemodule;
				VALIDATE_PRODUCT = YES;
			};
			name = Release;
		};
		05065C682AD3F43F00F4DFC3 /* Debug */ = {
			isa = XCBuildConfiguration;
			buildSettings = {
				ASSETCATALOG_COMPILER_APPICON_NAME = AppIcon;
				ASSETCATALOG_COMPILER_GLOBAL_ACCENT_COLOR_NAME = AccentColor;
				CODE_SIGN_STYLE = Automatic;
				CURRENT_PROJECT_VERSION = 1;
				DEVELOPMENT_TEAM = BMTAM79AVD;
				GENERATE_INFOPLIST_FILE = YES;
				INFOPLIST_FILE = "CIBPay textField/Info.plist";
				INFOPLIST_KEY_UIApplicationSupportsIndirectInputEvents = YES;
				INFOPLIST_KEY_UILaunchStoryboardName = LaunchScreen;
				INFOPLIST_KEY_UISupportedInterfaceOrientations_iPad = "UIInterfaceOrientationPortrait UIInterfaceOrientationPortraitUpsideDown UIInterfaceOrientationLandscapeLeft UIInterfaceOrientationLandscapeRight";
				INFOPLIST_KEY_UISupportedInterfaceOrientations_iPhone = "UIInterfaceOrientationPortrait UIInterfaceOrientationLandscapeLeft UIInterfaceOrientationLandscapeRight";
				IPHONEOS_DEPLOYMENT_TARGET = 17.0;
				LD_RUNPATH_SEARCH_PATHS = (
					"$(inherited)",
					"@executable_path/Frameworks",
				);
				MARKETING_VERSION = 1.0;
				PRODUCT_BUNDLE_IDENTIFIER = "Atheer.CIBPay-textField";
				PRODUCT_NAME = "$(TARGET_NAME)";
				SWIFT_EMIT_LOC_STRINGS = YES;
				SWIFT_VERSION = 5.0;
				TARGETED_DEVICE_FAMILY = "1,2";
			};
			name = Debug;
		};
		05065C692AD3F43F00F4DFC3 /* Release */ = {
			isa = XCBuildConfiguration;
			buildSettings = {
				ASSETCATALOG_COMPILER_APPICON_NAME = AppIcon;
				ASSETCATALOG_COMPILER_GLOBAL_ACCENT_COLOR_NAME = AccentColor;
				CODE_SIGN_STYLE = Automatic;
				CURRENT_PROJECT_VERSION = 1;
				DEVELOPMENT_TEAM = BMTAM79AVD;
				GENERATE_INFOPLIST_FILE = YES;
				INFOPLIST_FILE = "CIBPay textField/Info.plist";
				INFOPLIST_KEY_UIApplicationSupportsIndirectInputEvents = YES;
				INFOPLIST_KEY_UILaunchStoryboardName = LaunchScreen;
				INFOPLIST_KEY_UISupportedInterfaceOrientations_iPad = "UIInterfaceOrientationPortrait UIInterfaceOrientationPortraitUpsideDown UIInterfaceOrientationLandscapeLeft UIInterfaceOrientationLandscapeRight";
				INFOPLIST_KEY_UISupportedInterfaceOrientations_iPhone = "UIInterfaceOrientationPortrait UIInterfaceOrientationLandscapeLeft UIInterfaceOrientationLandscapeRight";
				IPHONEOS_DEPLOYMENT_TARGET = 17.0;
				LD_RUNPATH_SEARCH_PATHS = (
					"$(inherited)",
					"@executable_path/Frameworks",
				);
				MARKETING_VERSION = 1.0;
				PRODUCT_BUNDLE_IDENTIFIER = "Atheer.CIBPay-textField";
				PRODUCT_NAME = "$(TARGET_NAME)";
				SWIFT_EMIT_LOC_STRINGS = YES;
				SWIFT_VERSION = 5.0;
				TARGETED_DEVICE_FAMILY = "1,2";
			};
			name = Release;
		};
/* End XCBuildConfiguration section */

/* Begin XCConfigurationList section */
		05065C4E2AD3F43E00F4DFC3 /* Build configuration list for PBXProject "CIBPay textField" */ = {
			isa = XCConfigurationList;
			buildConfigurations = (
				05065C652AD3F43F00F4DFC3 /* Debug */,
				05065C662AD3F43F00F4DFC3 /* Release */,
			);
			defaultConfigurationIsVisible = 0;
			defaultConfigurationName = Release;
		};
		05065C672AD3F43F00F4DFC3 /* Build configuration list for PBXNativeTarget "CIBPay textField" */ = {
			isa = XCConfigurationList;
			buildConfigurations = (
				05065C682AD3F43F00F4DFC3 /* Debug */,
				05065C692AD3F43F00F4DFC3 /* Release */,
			);
			defaultConfigurationIsVisible = 0;
			defaultConfigurationName = Release;
		};
/* End XCConfigurationList section */
	};
	rootObject = 05065C4B2AD3F43E00F4DFC3 /* Project object */;
}
